
Microsoft Visual Studio Solution File, Format Version 12.00
# Visual Studio Version 17
VisualStudioVersion = 17.8.34408.163
MinimumVisualStudioVersion = 10.0.40219.1
Project("{9A19103F-16F7-4668-BE54-9A1E7A4F7556}") = "Orleans.Providers.RavenDB", "ravendb-orleans\Orleans.Providers.RavenDB.csproj", "{7BB57ABF-240C-40F7-B600-CDD3253E60BE}"
EndProject
Project("{9A19103F-16F7-4668-BE54-9A1E7A4F7556}") = "UnitTests", "UnitTests\UnitTests.csproj", "{D4D3D8C7-BC45-4446-AC43-F7A29BDD6B39}"
EndProject
Project("{2150E333-8FDC-42A3-9474-1A3956D46DE8}") = "orleans", "orleans", "{52509105-F658-4F7B-A2F9-8143E2A71705}"
EndProject
Project("{9A19103F-16F7-4668-BE54-9A1E7A4F7556}") = "Orleans.Analyzers", "orleans\src\Orleans.Analyzers\Orleans.Analyzers.csproj", "{E3E8FBC5-343D-420A-80DB-9CB9CFD1D19C}"
EndProject
Project("{9A19103F-16F7-4668-BE54-9A1E7A4F7556}") = "Orleans.BroadcastChannel", "orleans\src\Orleans.BroadcastChannel\Orleans.BroadcastChannel.csproj", "{F37F975E-BAC4-4444-84C6-A9A48C7F1CDB}"
EndProject
Project("{9A19103F-16F7-4668-BE54-9A1E7A4F7556}") = "Orleans.Clustering.AzureStorage", "orleans\src\Azure\Orleans.Clustering.AzureStorage\Orleans.Clustering.AzureStorage.csproj", "{718C3509-FDF2-4A23-B8F4-1C4E71456F96}"
EndProject
Project("{9A19103F-16F7-4668-BE54-9A1E7A4F7556}") = "Orleans.CodeGenerator", "orleans\src\Orleans.CodeGenerator\Orleans.CodeGenerator.csproj", "{71662EC9-00EF-45E3-8E22-4068723602C3}"
EndProject
Project("{9A19103F-16F7-4668-BE54-9A1E7A4F7556}") = "Orleans.Core", "orleans\src\Orleans.Core\Orleans.Core.csproj", "{5F71324D-45F2-4F26-83CC-238F5BB2F5CE}"
EndProject
Project("{9A19103F-16F7-4668-BE54-9A1E7A4F7556}") = "Orleans.Core.Abstractions", "orleans\src\Orleans.Core.Abstractions\Orleans.Core.Abstractions.csproj", "{5EE48D16-1118-4CC5-B8CF-EE4BD8ACD50E}"
EndProject
Project("{9A19103F-16F7-4668-BE54-9A1E7A4F7556}") = "Orleans.EventSourcing", "orleans\src\Orleans.EventSourcing\Orleans.EventSourcing.csproj", "{3136394C-A891-4AED-B397-C74EE762C234}"
EndProject
Project("{9A19103F-16F7-4668-BE54-9A1E7A4F7556}") = "Orleans.GrainDirectory.AzureStorage", "orleans\src\Azure\Orleans.GrainDirectory.AzureStorage\Orleans.GrainDirectory.AzureStorage.csproj", "{70AAE556-4565-4BF3-88E1-F8B169C7232C}"
EndProject
Project("{9A19103F-16F7-4668-BE54-9A1E7A4F7556}") = "Orleans.Persistence.AzureStorage", "orleans\src\Azure\Orleans.Persistence.AzureStorage\Orleans.Persistence.AzureStorage.csproj", "{17582217-312B-49CB-A09D-2768411A0647}"
EndProject
Project("{9A19103F-16F7-4668-BE54-9A1E7A4F7556}") = "Orleans.Persistence.Memory", "orleans\src\Orleans.Persistence.Memory\Orleans.Persistence.Memory.csproj", "{58570CF2-6C10-4E65-8141-597F4AD75CD8}"
EndProject
Project("{9A19103F-16F7-4668-BE54-9A1E7A4F7556}") = "Orleans.Reminders", "orleans\src\Orleans.Reminders\Orleans.Reminders.csproj", "{2FC7D7FA-C443-4683-B762-93CF03EE2208}"
EndProject
Project("{9A19103F-16F7-4668-BE54-9A1E7A4F7556}") = "Orleans.Runtime", "orleans\src\Orleans.Runtime\Orleans.Runtime.csproj", "{616D3AD9-FD9B-4B85-BA2F-F726534F1CDE}"
EndProject
Project("{9A19103F-16F7-4668-BE54-9A1E7A4F7556}") = "Orleans.Sdk", "orleans\src\Orleans.Sdk\Orleans.Sdk.csproj", "{FA901682-7BE0-4D7C-B75B-F48AEBC116CC}"
EndProject
Project("{9A19103F-16F7-4668-BE54-9A1E7A4F7556}") = "Orleans.Serialization", "orleans\src\Orleans.Serialization\Orleans.Serialization.csproj", "{9C290C21-67DA-44FA-ABAD-C20E72E34C74}"
EndProject
Project("{9A19103F-16F7-4668-BE54-9A1E7A4F7556}") = "Orleans.Serialization.Abstractions", "orleans\src\Orleans.Serialization.Abstractions\Orleans.Serialization.Abstractions.csproj", "{1EB4D9F2-56EF-45B6-B4FD-91EA5B7897B0}"
EndProject
Project("{9A19103F-16F7-4668-BE54-9A1E7A4F7556}") = "Orleans.Serialization.FSharp", "orleans\src\Orleans.Serialization.FSharp\Orleans.Serialization.FSharp.csproj", "{C2F7862F-BB3A-456D-BCE1-C99BF78344A3}"
EndProject
Project("{9A19103F-16F7-4668-BE54-9A1E7A4F7556}") = "Orleans.Streaming", "orleans\src\Orleans.Streaming\Orleans.Streaming.csproj", "{BFD6ACD6-692F-4F2E-B2B3-C9B5CD72F04C}"
EndProject
Project("{9A19103F-16F7-4668-BE54-9A1E7A4F7556}") = "Orleans.TestingHost", "orleans\src\Orleans.TestingHost\Orleans.TestingHost.csproj", "{54F27EA9-8550-47B5-9678-AF4584AD8669}"
EndProject
Project("{9A19103F-16F7-4668-BE54-9A1E7A4F7556}") = "Tester", "orleans\test\Tester\Tester.csproj", "{5868B647-EC69-4309-84B8-5CBF331EA9AF}"
EndProject
Project("{9A19103F-16F7-4668-BE54-9A1E7A4F7556}") = "TesterInternal", "orleans\test\TesterInternal\TesterInternal.csproj", "{5817E6CB-9304-401E-A2F9-EDE03943A678}"
EndProject
Project("{9A19103F-16F7-4668-BE54-9A1E7A4F7556}") = "TestExtensions", "orleans\test\TestInfrastructure\TestExtensions\TestExtensions.csproj", "{75C8FC27-A254-469A-9683-8B8653653100}"
EndProject
Project("{6EC3EE1D-3C4E-46DD-8F32-0CC8E7565705}") = "TestFSharp", "orleans\test\Grains\TestFSharp\TestFSharp.fsproj", "{E16598FB-7792-4A2E-A243-C701241A18C6}"
EndProject
Project("{9A19103F-16F7-4668-BE54-9A1E7A4F7556}") = "TestFSharpGrainInterfaces", "orleans\test\Grains\TestFSharpGrainInterfaces\TestFSharpGrainInterfaces.csproj", "{EF31DB7C-8D42-4FAD-BD8D-4351D1661080}"
EndProject
Project("{6EC3EE1D-3C4E-46DD-8F32-0CC8E7565705}") = "TestFSharpInterfaces", "orleans\test\Misc\TestFSharpInterfaces\TestFSharpInterfaces.fsproj", "{0C041B19-5AD4-4CD1-8234-C0E205AD1462}"
EndProject
Project("{9A19103F-16F7-4668-BE54-9A1E7A4F7556}") = "TestGrainInterfaces", "orleans\test\Grains\TestGrainInterfaces\TestGrainInterfaces.csproj", "{BF618394-9A3B-4A2F-B408-FCC331F2AF4D}"
EndProject
Project("{9A19103F-16F7-4668-BE54-9A1E7A4F7556}") = "TestGrains", "orleans\test\Grains\TestGrains\TestGrains.csproj", "{6ADCB12F-09BD-4336-B5F8-B88CC0C79BA1}"
EndProject
Project("{9A19103F-16F7-4668-BE54-9A1E7A4F7556}") = "TestInterfaces", "orleans\test\Misc\TestInterfaces\TestInterfaces.csproj", "{2AF49226-DFC5-4323-BFCE-DD5805CAF184}"
EndProject
Project("{9A19103F-16F7-4668-BE54-9A1E7A4F7556}") = "TestInternalGrainInterfaces", "orleans\test\Grains\TestInternalGrainInterfaces\TestInternalGrainInterfaces.csproj", "{33240BC9-2D7C-46B6-B6C5-95B2BD49B762}"
EndProject
Project("{9A19103F-16F7-4668-BE54-9A1E7A4F7556}") = "TestInternalGrains", "orleans\test\Grains\TestInternalGrains\TestInternalGrains.csproj", "{22567C33-5E6A-4174-9150-5EDB102E287A}"
EndProject
Project("{9A19103F-16F7-4668-BE54-9A1E7A4F7556}") = "TestVersionGrains", "orleans\test\Grains\TestVersionGrains\TestVersionGrains.csproj", "{C9BF46FD-14C1-44CE-8C6F-4C3AEE194B81}"
EndProject
Global
	GlobalSection(SolutionConfigurationPlatforms) = preSolution
		Debug|Any CPU = Debug|Any CPU
		Release|Any CPU = Release|Any CPU
	EndGlobalSection
	GlobalSection(ProjectConfigurationPlatforms) = postSolution
		{7BB57ABF-240C-40F7-B600-CDD3253E60BE}.Debug|Any CPU.ActiveCfg = Debug|Any CPU
		{7BB57ABF-240C-40F7-B600-CDD3253E60BE}.Debug|Any CPU.Build.0 = Debug|Any CPU
		{7BB57ABF-240C-40F7-B600-CDD3253E60BE}.Release|Any CPU.ActiveCfg = Release|Any CPU
		{7BB57ABF-240C-40F7-B600-CDD3253E60BE}.Release|Any CPU.Build.0 = Release|Any CPU
		{D4D3D8C7-BC45-4446-AC43-F7A29BDD6B39}.Debug|Any CPU.ActiveCfg = Debug|Any CPU
		{D4D3D8C7-BC45-4446-AC43-F7A29BDD6B39}.Debug|Any CPU.Build.0 = Debug|Any CPU
		{D4D3D8C7-BC45-4446-AC43-F7A29BDD6B39}.Release|Any CPU.ActiveCfg = Release|Any CPU
		{D4D3D8C7-BC45-4446-AC43-F7A29BDD6B39}.Release|Any CPU.Build.0 = Release|Any CPU
		{E3E8FBC5-343D-420A-80DB-9CB9CFD1D19C}.Debug|Any CPU.ActiveCfg = Debug|Any CPU
		{E3E8FBC5-343D-420A-80DB-9CB9CFD1D19C}.Debug|Any CPU.Build.0 = Debug|Any CPU
		{E3E8FBC5-343D-420A-80DB-9CB9CFD1D19C}.Release|Any CPU.ActiveCfg = Release|Any CPU
		{E3E8FBC5-343D-420A-80DB-9CB9CFD1D19C}.Release|Any CPU.Build.0 = Release|Any CPU
		{F37F975E-BAC4-4444-84C6-A9A48C7F1CDB}.Debug|Any CPU.ActiveCfg = Debug|Any CPU
		{F37F975E-BAC4-4444-84C6-A9A48C7F1CDB}.Debug|Any CPU.Build.0 = Debug|Any CPU
		{F37F975E-BAC4-4444-84C6-A9A48C7F1CDB}.Release|Any CPU.ActiveCfg = Release|Any CPU
		{F37F975E-BAC4-4444-84C6-A9A48C7F1CDB}.Release|Any CPU.Build.0 = Release|Any CPU
		{718C3509-FDF2-4A23-B8F4-1C4E71456F96}.Debug|Any CPU.ActiveCfg = Debug|Any CPU
		{718C3509-FDF2-4A23-B8F4-1C4E71456F96}.Debug|Any CPU.Build.0 = Debug|Any CPU
		{718C3509-FDF2-4A23-B8F4-1C4E71456F96}.Release|Any CPU.ActiveCfg = Release|Any CPU
		{718C3509-FDF2-4A23-B8F4-1C4E71456F96}.Release|Any CPU.Build.0 = Release|Any CPU
		{71662EC9-00EF-45E3-8E22-4068723602C3}.Debug|Any CPU.ActiveCfg = Debug|Any CPU
		{71662EC9-00EF-45E3-8E22-4068723602C3}.Debug|Any CPU.Build.0 = Debug|Any CPU
		{71662EC9-00EF-45E3-8E22-4068723602C3}.Release|Any CPU.ActiveCfg = Release|Any CPU
		{71662EC9-00EF-45E3-8E22-4068723602C3}.Release|Any CPU.Build.0 = Release|Any CPU
		{5F71324D-45F2-4F26-83CC-238F5BB2F5CE}.Debug|Any CPU.ActiveCfg = Debug|Any CPU
		{5F71324D-45F2-4F26-83CC-238F5BB2F5CE}.Debug|Any CPU.Build.0 = Debug|Any CPU
		{5F71324D-45F2-4F26-83CC-238F5BB2F5CE}.Release|Any CPU.ActiveCfg = Release|Any CPU
		{5F71324D-45F2-4F26-83CC-238F5BB2F5CE}.Release|Any CPU.Build.0 = Release|Any CPU
		{5EE48D16-1118-4CC5-B8CF-EE4BD8ACD50E}.Debug|Any CPU.ActiveCfg = Debug|Any CPU
		{5EE48D16-1118-4CC5-B8CF-EE4BD8ACD50E}.Debug|Any CPU.Build.0 = Debug|Any CPU
		{5EE48D16-1118-4CC5-B8CF-EE4BD8ACD50E}.Release|Any CPU.ActiveCfg = Release|Any CPU
		{5EE48D16-1118-4CC5-B8CF-EE4BD8ACD50E}.Release|Any CPU.Build.0 = Release|Any CPU
		{3136394C-A891-4AED-B397-C74EE762C234}.Debug|Any CPU.ActiveCfg = Debug|Any CPU
		{3136394C-A891-4AED-B397-C74EE762C234}.Debug|Any CPU.Build.0 = Debug|Any CPU
		{3136394C-A891-4AED-B397-C74EE762C234}.Release|Any CPU.ActiveCfg = Release|Any CPU
		{3136394C-A891-4AED-B397-C74EE762C234}.Release|Any CPU.Build.0 = Release|Any CPU
		{70AAE556-4565-4BF3-88E1-F8B169C7232C}.Debug|Any CPU.ActiveCfg = Debug|Any CPU
		{70AAE556-4565-4BF3-88E1-F8B169C7232C}.Debug|Any CPU.Build.0 = Debug|Any CPU
		{70AAE556-4565-4BF3-88E1-F8B169C7232C}.Release|Any CPU.ActiveCfg = Release|Any CPU
		{70AAE556-4565-4BF3-88E1-F8B169C7232C}.Release|Any CPU.Build.0 = Release|Any CPU
		{17582217-312B-49CB-A09D-2768411A0647}.Debug|Any CPU.ActiveCfg = Debug|Any CPU
		{17582217-312B-49CB-A09D-2768411A0647}.Debug|Any CPU.Build.0 = Debug|Any CPU
		{17582217-312B-49CB-A09D-2768411A0647}.Release|Any CPU.ActiveCfg = Release|Any CPU
		{17582217-312B-49CB-A09D-2768411A0647}.Release|Any CPU.Build.0 = Release|Any CPU
		{58570CF2-6C10-4E65-8141-597F4AD75CD8}.Debug|Any CPU.ActiveCfg = Debug|Any CPU
		{58570CF2-6C10-4E65-8141-597F4AD75CD8}.Debug|Any CPU.Build.0 = Debug|Any CPU
		{58570CF2-6C10-4E65-8141-597F4AD75CD8}.Release|Any CPU.ActiveCfg = Release|Any CPU
		{58570CF2-6C10-4E65-8141-597F4AD75CD8}.Release|Any CPU.Build.0 = Release|Any CPU
		{2FC7D7FA-C443-4683-B762-93CF03EE2208}.Debug|Any CPU.ActiveCfg = Debug|Any CPU
		{2FC7D7FA-C443-4683-B762-93CF03EE2208}.Debug|Any CPU.Build.0 = Debug|Any CPU
		{2FC7D7FA-C443-4683-B762-93CF03EE2208}.Release|Any CPU.ActiveCfg = Release|Any CPU
		{2FC7D7FA-C443-4683-B762-93CF03EE2208}.Release|Any CPU.Build.0 = Release|Any CPU
		{616D3AD9-FD9B-4B85-BA2F-F726534F1CDE}.Debug|Any CPU.ActiveCfg = Debug|Any CPU
		{616D3AD9-FD9B-4B85-BA2F-F726534F1CDE}.Debug|Any CPU.Build.0 = Debug|Any CPU
		{616D3AD9-FD9B-4B85-BA2F-F726534F1CDE}.Release|Any CPU.ActiveCfg = Release|Any CPU
		{616D3AD9-FD9B-4B85-BA2F-F726534F1CDE}.Release|Any CPU.Build.0 = Release|Any CPU
		{FA901682-7BE0-4D7C-B75B-F48AEBC116CC}.Debug|Any CPU.ActiveCfg = Debug|Any CPU
		{FA901682-7BE0-4D7C-B75B-F48AEBC116CC}.Debug|Any CPU.Build.0 = Debug|Any CPU
		{FA901682-7BE0-4D7C-B75B-F48AEBC116CC}.Release|Any CPU.ActiveCfg = Release|Any CPU
		{FA901682-7BE0-4D7C-B75B-F48AEBC116CC}.Release|Any CPU.Build.0 = Release|Any CPU
		{9C290C21-67DA-44FA-ABAD-C20E72E34C74}.Debug|Any CPU.ActiveCfg = Debug|Any CPU
		{9C290C21-67DA-44FA-ABAD-C20E72E34C74}.Debug|Any CPU.Build.0 = Debug|Any CPU
		{9C290C21-67DA-44FA-ABAD-C20E72E34C74}.Release|Any CPU.ActiveCfg = Release|Any CPU
		{9C290C21-67DA-44FA-ABAD-C20E72E34C74}.Release|Any CPU.Build.0 = Release|Any CPU
		{1EB4D9F2-56EF-45B6-B4FD-91EA5B7897B0}.Debug|Any CPU.ActiveCfg = Debug|Any CPU
		{1EB4D9F2-56EF-45B6-B4FD-91EA5B7897B0}.Debug|Any CPU.Build.0 = Debug|Any CPU
		{1EB4D9F2-56EF-45B6-B4FD-91EA5B7897B0}.Release|Any CPU.ActiveCfg = Release|Any CPU
		{1EB4D9F2-56EF-45B6-B4FD-91EA5B7897B0}.Release|Any CPU.Build.0 = Release|Any CPU
		{C2F7862F-BB3A-456D-BCE1-C99BF78344A3}.Debug|Any CPU.ActiveCfg = Debug|Any CPU
		{C2F7862F-BB3A-456D-BCE1-C99BF78344A3}.Debug|Any CPU.Build.0 = Debug|Any CPU
		{C2F7862F-BB3A-456D-BCE1-C99BF78344A3}.Release|Any CPU.ActiveCfg = Release|Any CPU
		{C2F7862F-BB3A-456D-BCE1-C99BF78344A3}.Release|Any CPU.Build.0 = Release|Any CPU
		{BFD6ACD6-692F-4F2E-B2B3-C9B5CD72F04C}.Debug|Any CPU.ActiveCfg = Debug|Any CPU
		{BFD6ACD6-692F-4F2E-B2B3-C9B5CD72F04C}.Debug|Any CPU.Build.0 = Debug|Any CPU
		{BFD6ACD6-692F-4F2E-B2B3-C9B5CD72F04C}.Release|Any CPU.ActiveCfg = Release|Any CPU
		{BFD6ACD6-692F-4F2E-B2B3-C9B5CD72F04C}.Release|Any CPU.Build.0 = Release|Any CPU
		{54F27EA9-8550-47B5-9678-AF4584AD8669}.Debug|Any CPU.ActiveCfg = Debug|Any CPU
		{54F27EA9-8550-47B5-9678-AF4584AD8669}.Debug|Any CPU.Build.0 = Debug|Any CPU
		{54F27EA9-8550-47B5-9678-AF4584AD8669}.Release|Any CPU.ActiveCfg = Release|Any CPU
		{54F27EA9-8550-47B5-9678-AF4584AD8669}.Release|Any CPU.Build.0 = Release|Any CPU
		{5868B647-EC69-4309-84B8-5CBF331EA9AF}.Debug|Any CPU.ActiveCfg = Debug|Any CPU
		{5868B647-EC69-4309-84B8-5CBF331EA9AF}.Debug|Any CPU.Build.0 = Debug|Any CPU
		{5868B647-EC69-4309-84B8-5CBF331EA9AF}.Release|Any CPU.ActiveCfg = Release|Any CPU
		{5868B647-EC69-4309-84B8-5CBF331EA9AF}.Release|Any CPU.Build.0 = Release|Any CPU
		{5817E6CB-9304-401E-A2F9-EDE03943A678}.Debug|Any CPU.ActiveCfg = Debug|Any CPU
		{5817E6CB-9304-401E-A2F9-EDE03943A678}.Debug|Any CPU.Build.0 = Debug|Any CPU
		{5817E6CB-9304-401E-A2F9-EDE03943A678}.Release|Any CPU.ActiveCfg = Release|Any CPU
		{5817E6CB-9304-401E-A2F9-EDE03943A678}.Release|Any CPU.Build.0 = Release|Any CPU
		{75C8FC27-A254-469A-9683-8B8653653100}.Debug|Any CPU.ActiveCfg = Debug|Any CPU
		{75C8FC27-A254-469A-9683-8B8653653100}.Debug|Any CPU.Build.0 = Debug|Any CPU
		{75C8FC27-A254-469A-9683-8B8653653100}.Release|Any CPU.ActiveCfg = Release|Any CPU
		{75C8FC27-A254-469A-9683-8B8653653100}.Release|Any CPU.Build.0 = Release|Any CPU
		{E16598FB-7792-4A2E-A243-C701241A18C6}.Debug|Any CPU.ActiveCfg = Debug|Any CPU
		{E16598FB-7792-4A2E-A243-C701241A18C6}.Debug|Any CPU.Build.0 = Debug|Any CPU
		{E16598FB-7792-4A2E-A243-C701241A18C6}.Release|Any CPU.ActiveCfg = Release|Any CPU
		{E16598FB-7792-4A2E-A243-C701241A18C6}.Release|Any CPU.Build.0 = Release|Any CPU
		{EF31DB7C-8D42-4FAD-BD8D-4351D1661080}.Debug|Any CPU.ActiveCfg = Debug|Any CPU
		{EF31DB7C-8D42-4FAD-BD8D-4351D1661080}.Debug|Any CPU.Build.0 = Debug|Any CPU
		{EF31DB7C-8D42-4FAD-BD8D-4351D1661080}.Release|Any CPU.ActiveCfg = Release|Any CPU
		{EF31DB7C-8D42-4FAD-BD8D-4351D1661080}.Release|Any CPU.Build.0 = Release|Any CPU
		{0C041B19-5AD4-4CD1-8234-C0E205AD1462}.Debug|Any CPU.ActiveCfg = Debug|Any CPU
		{0C041B19-5AD4-4CD1-8234-C0E205AD1462}.Debug|Any CPU.Build.0 = Debug|Any CPU
		{0C041B19-5AD4-4CD1-8234-C0E205AD1462}.Release|Any CPU.ActiveCfg = Release|Any CPU
		{0C041B19-5AD4-4CD1-8234-C0E205AD1462}.Release|Any CPU.Build.0 = Release|Any CPU
		{BF618394-9A3B-4A2F-B408-FCC331F2AF4D}.Debug|Any CPU.ActiveCfg = Debug|Any CPU
		{BF618394-9A3B-4A2F-B408-FCC331F2AF4D}.Debug|Any CPU.Build.0 = Debug|Any CPU
		{BF618394-9A3B-4A2F-B408-FCC331F2AF4D}.Release|Any CPU.ActiveCfg = Release|Any CPU
		{BF618394-9A3B-4A2F-B408-FCC331F2AF4D}.Release|Any CPU.Build.0 = Release|Any CPU
		{6ADCB12F-09BD-4336-B5F8-B88CC0C79BA1}.Debug|Any CPU.ActiveCfg = Debug|Any CPU
		{6ADCB12F-09BD-4336-B5F8-B88CC0C79BA1}.Debug|Any CPU.Build.0 = Debug|Any CPU
		{6ADCB12F-09BD-4336-B5F8-B88CC0C79BA1}.Release|Any CPU.ActiveCfg = Release|Any CPU
		{6ADCB12F-09BD-4336-B5F8-B88CC0C79BA1}.Release|Any CPU.Build.0 = Release|Any CPU
		{2AF49226-DFC5-4323-BFCE-DD5805CAF184}.Debug|Any CPU.ActiveCfg = Debug|Any CPU
		{2AF49226-DFC5-4323-BFCE-DD5805CAF184}.Debug|Any CPU.Build.0 = Debug|Any CPU
		{2AF49226-DFC5-4323-BFCE-DD5805CAF184}.Release|Any CPU.ActiveCfg = Release|Any CPU
		{2AF49226-DFC5-4323-BFCE-DD5805CAF184}.Release|Any CPU.Build.0 = Release|Any CPU
		{33240BC9-2D7C-46B6-B6C5-95B2BD49B762}.Debug|Any CPU.ActiveCfg = Debug|Any CPU
		{33240BC9-2D7C-46B6-B6C5-95B2BD49B762}.Debug|Any CPU.Build.0 = Debug|Any CPU
		{33240BC9-2D7C-46B6-B6C5-95B2BD49B762}.Release|Any CPU.ActiveCfg = Release|Any CPU
		{33240BC9-2D7C-46B6-B6C5-95B2BD49B762}.Release|Any CPU.Build.0 = Release|Any CPU
		{22567C33-5E6A-4174-9150-5EDB102E287A}.Debug|Any CPU.ActiveCfg = Debug|Any CPU
		{22567C33-5E6A-4174-9150-5EDB102E287A}.Debug|Any CPU.Build.0 = Debug|Any CPU
		{22567C33-5E6A-4174-9150-5EDB102E287A}.Release|Any CPU.ActiveCfg = Release|Any CPU
		{22567C33-5E6A-4174-9150-5EDB102E287A}.Release|Any CPU.Build.0 = Release|Any CPU
		{C9BF46FD-14C1-44CE-8C6F-4C3AEE194B81}.Debug|Any CPU.ActiveCfg = Debug|Any CPU
		{C9BF46FD-14C1-44CE-8C6F-4C3AEE194B81}.Debug|Any CPU.Build.0 = Debug|Any CPU
		{C9BF46FD-14C1-44CE-8C6F-4C3AEE194B81}.Release|Any CPU.ActiveCfg = Release|Any CPU
		{C9BF46FD-14C1-44CE-8C6F-4C3AEE194B81}.Release|Any CPU.Build.0 = Release|Any CPU
	EndGlobalSection
	GlobalSection(SolutionProperties) = preSolution
		HideSolutionNode = FALSE
	EndGlobalSection
	GlobalSection(NestedProjects) = preSolution
		{E3E8FBC5-343D-420A-80DB-9CB9CFD1D19C} = {52509105-F658-4F7B-A2F9-8143E2A71705}
		{F37F975E-BAC4-4444-84C6-A9A48C7F1CDB} = {52509105-F658-4F7B-A2F9-8143E2A71705}
		{718C3509-FDF2-4A23-B8F4-1C4E71456F96} = {52509105-F658-4F7B-A2F9-8143E2A71705}
		{71662EC9-00EF-45E3-8E22-4068723602C3} = {52509105-F658-4F7B-A2F9-8143E2A71705}
		{5F71324D-45F2-4F26-83CC-238F5BB2F5CE} = {52509105-F658-4F7B-A2F9-8143E2A71705}
		{5EE48D16-1118-4CC5-B8CF-EE4BD8ACD50E} = {52509105-F658-4F7B-A2F9-8143E2A71705}
		{3136394C-A891-4AED-B397-C74EE762C234} = {52509105-F658-4F7B-A2F9-8143E2A71705}
		{70AAE556-4565-4BF3-88E1-F8B169C7232C} = {52509105-F658-4F7B-A2F9-8143E2A71705}
		{17582217-312B-49CB-A09D-2768411A0647} = {52509105-F658-4F7B-A2F9-8143E2A71705}
		{58570CF2-6C10-4E65-8141-597F4AD75CD8} = {52509105-F658-4F7B-A2F9-8143E2A71705}
		{2FC7D7FA-C443-4683-B762-93CF03EE2208} = {52509105-F658-4F7B-A2F9-8143E2A71705}
		{616D3AD9-FD9B-4B85-BA2F-F726534F1CDE} = {52509105-F658-4F7B-A2F9-8143E2A71705}
		{FA901682-7BE0-4D7C-B75B-F48AEBC116CC} = {52509105-F658-4F7B-A2F9-8143E2A71705}
		{9C290C21-67DA-44FA-ABAD-C20E72E34C74} = {52509105-F658-4F7B-A2F9-8143E2A71705}
		{1EB4D9F2-56EF-45B6-B4FD-91EA5B7897B0} = {52509105-F658-4F7B-A2F9-8143E2A71705}
		{C2F7862F-BB3A-456D-BCE1-C99BF78344A3} = {52509105-F658-4F7B-A2F9-8143E2A71705}
		{BFD6ACD6-692F-4F2E-B2B3-C9B5CD72F04C} = {52509105-F658-4F7B-A2F9-8143E2A71705}
		{54F27EA9-8550-47B5-9678-AF4584AD8669} = {52509105-F658-4F7B-A2F9-8143E2A71705}
		{5868B647-EC69-4309-84B8-5CBF331EA9AF} = {52509105-F658-4F7B-A2F9-8143E2A71705}
		{5817E6CB-9304-401E-A2F9-EDE03943A678} = {52509105-F658-4F7B-A2F9-8143E2A71705}
		{75C8FC27-A254-469A-9683-8B8653653100} = {52509105-F658-4F7B-A2F9-8143E2A71705}
		{E16598FB-7792-4A2E-A243-C701241A18C6} = {52509105-F658-4F7B-A2F9-8143E2A71705}
		{EF31DB7C-8D42-4FAD-BD8D-4351D1661080} = {52509105-F658-4F7B-A2F9-8143E2A71705}
		{0C041B19-5AD4-4CD1-8234-C0E205AD1462} = {52509105-F658-4F7B-A2F9-8143E2A71705}
		{BF618394-9A3B-4A2F-B408-FCC331F2AF4D} = {52509105-F658-4F7B-A2F9-8143E2A71705}
		{6ADCB12F-09BD-4336-B5F8-B88CC0C79BA1} = {52509105-F658-4F7B-A2F9-8143E2A71705}
		{2AF49226-DFC5-4323-BFCE-DD5805CAF184} = {52509105-F658-4F7B-A2F9-8143E2A71705}
		{33240BC9-2D7C-46B6-B6C5-95B2BD49B762} = {52509105-F658-4F7B-A2F9-8143E2A71705}
		{22567C33-5E6A-4174-9150-5EDB102E287A} = {52509105-F658-4F7B-A2F9-8143E2A71705}
		{C9BF46FD-14C1-44CE-8C6F-4C3AEE194B81} = {52509105-F658-4F7B-A2F9-8143E2A71705}
	EndGlobalSection
	GlobalSection(ExtensibilityGlobals) = postSolution
		SolutionGuid = {F97EC473-3654-483C-A1C2-827012B1476F}
	EndGlobalSection
EndGlobal
