
Microsoft Visual Studio Solution File, Format Version 12.00
# Visual Studio Version 17
VisualStudioVersion = 17.8.34408.163
MinimumVisualStudioVersion = 10.0.40219.1
Project("{2150E333-8FDC-42A3-9474-1A3956D46DE8}") = "samples", "samples", "{8CA385B9-5995-48CC-9BAB-0C4B364B1C57}"
EndProject
Project("{2150E333-8FDC-42A3-9474-1A3956D46DE8}") = "src", "src", "{EE398B5E-04F2-417E-9293-155B34BF7A39}"
EndProject
Project("{2150E333-8FDC-42A3-9474-1A3956D46DE8}") = "tests", "tests", "{FB60A390-C9BA-40D3-AD7C-45C67F118A8C}"
EndProject
Project("{9A19103F-16F7-4668-BE54-9A1E7A4F7556}") = "UnitTests", "tests\UnitTests\UnitTests.csproj", "{27BF552C-7D34-43DB-8656-20C97D1D419E}"
EndProject
Project("{9A19103F-16F7-4668-BE54-9A1E7A4F7556}") = "Orleans.Providers.RavenDb", "src\Orleans.Providers.RavenDb\Orleans.Providers.RavenDb.csproj", "{943AEEE8-7BD1-486C-9F07-1E372A8C30B8}"
EndProject
Project("{2150E333-8FDC-42A3-9474-1A3956D46DE8}") = "libs", "libs", "{6B7E093E-8DAA-42FF-9044-B3D777D255D9}"
EndProject
Project("{2150E333-8FDC-42A3-9474-1A3956D46DE8}") = "orleans", "orleans", "{7D3E6AB4-AC60-4F86-9541-BBDF9F001485}"
EndProject
Project("{9A19103F-16F7-4668-BE54-9A1E7A4F7556}") = "Orleans.Analyzers", "libs\orleans\src\Orleans.Analyzers\Orleans.Analyzers.csproj", "{BB6393D8-BCA6-460E-B9C6-CFEC5E616EC7}"
EndProject
Project("{9A19103F-16F7-4668-BE54-9A1E7A4F7556}") = "Orleans.BroadcastChannel", "libs\orleans\src\Orleans.BroadcastChannel\Orleans.BroadcastChannel.csproj", "{D9AEBE15-2E49-450D-B0A2-256CBA25FC5D}"
EndProject
Project("{9A19103F-16F7-4668-BE54-9A1E7A4F7556}") = "Orleans.Clustering.AzureStorage", "libs\orleans\src\Azure\Orleans.Clustering.AzureStorage\Orleans.Clustering.AzureStorage.csproj", "{505A3A94-EFE8-4E27-91C3-AAC32E31E400}"
EndProject
Project("{9A19103F-16F7-4668-BE54-9A1E7A4F7556}") = "Orleans.CodeGenerator", "libs\orleans\src\Orleans.CodeGenerator\Orleans.CodeGenerator.csproj", "{3CC6E82C-4DBD-4374-AEBA-16D37EA34664}"
EndProject
Project("{9A19103F-16F7-4668-BE54-9A1E7A4F7556}") = "Orleans.Core", "libs\orleans\src\Orleans.Core\Orleans.Core.csproj", "{8CA36B67-2F27-4BBD-86F0-21C814333393}"
EndProject
Project("{9A19103F-16F7-4668-BE54-9A1E7A4F7556}") = "Orleans.Core.Abstractions", "libs\orleans\src\Orleans.Core.Abstractions\Orleans.Core.Abstractions.csproj", "{D84CEBB1-9756-4B40-9858-3C66C423C9C2}"
EndProject
Project("{9A19103F-16F7-4668-BE54-9A1E7A4F7556}") = "Orleans.EventSourcing", "libs\orleans\src\Orleans.EventSourcing\Orleans.EventSourcing.csproj", "{A4840B27-C7FF-4F45-9CE8-73438E71703E}"
EndProject
Project("{9A19103F-16F7-4668-BE54-9A1E7A4F7556}") = "Orleans.GrainDirectory.AzureStorage", "libs\orleans\src\Azure\Orleans.GrainDirectory.AzureStorage\Orleans.GrainDirectory.AzureStorage.csproj", "{CABDC058-4392-4045-91AA-20DC102B16B6}"
EndProject
Project("{9A19103F-16F7-4668-BE54-9A1E7A4F7556}") = "Orleans.Persistence.AzureStorage", "libs\orleans\src\Azure\Orleans.Persistence.AzureStorage\Orleans.Persistence.AzureStorage.csproj", "{207B54C3-9ED8-4692-B2AC-6CDA6A49E8BD}"
EndProject
Project("{9A19103F-16F7-4668-BE54-9A1E7A4F7556}") = "Orleans.Persistence.Memory", "libs\orleans\src\Orleans.Persistence.Memory\Orleans.Persistence.Memory.csproj", "{A0BA13C9-D542-43E7-8D76-BC38BC32D7F5}"
EndProject
Project("{9A19103F-16F7-4668-BE54-9A1E7A4F7556}") = "Orleans.Reminders", "libs\orleans\src\Orleans.Reminders\Orleans.Reminders.csproj", "{CB16AA7B-2ED9-423A-ADB8-C65A57B04E97}"
EndProject
Project("{9A19103F-16F7-4668-BE54-9A1E7A4F7556}") = "Orleans.Runtime", "libs\orleans\src\Orleans.Runtime\Orleans.Runtime.csproj", "{5073EEB2-793B-41C2-AD3B-100BA610841C}"
EndProject
Project("{9A19103F-16F7-4668-BE54-9A1E7A4F7556}") = "Orleans.Sdk", "libs\orleans\src\Orleans.Sdk\Orleans.Sdk.csproj", "{D6D5CADC-7A80-47C3-BBC5-7FE8B4D74AB9}"
EndProject
Project("{9A19103F-16F7-4668-BE54-9A1E7A4F7556}") = "Orleans.Serialization", "libs\orleans\src\Orleans.Serialization\Orleans.Serialization.csproj", "{2270CEB9-AD57-4C3F-AEC1-6841AA23FF78}"
EndProject
Project("{9A19103F-16F7-4668-BE54-9A1E7A4F7556}") = "Orleans.Serialization.Abstractions", "libs\orleans\src\Orleans.Serialization.Abstractions\Orleans.Serialization.Abstractions.csproj", "{99A18801-B2CE-4C7C-8F0E-7EE1C9FB15E4}"
EndProject
Project("{9A19103F-16F7-4668-BE54-9A1E7A4F7556}") = "Orleans.Serialization.FSharp", "libs\orleans\src\Orleans.Serialization.FSharp\Orleans.Serialization.FSharp.csproj", "{909BE8F6-1AB9-4D03-A689-334AE2BF06E0}"
EndProject
Project("{9A19103F-16F7-4668-BE54-9A1E7A4F7556}") = "Orleans.Streaming", "libs\orleans\src\Orleans.Streaming\Orleans.Streaming.csproj", "{BC75E3CB-1B5B-470B-85A9-F8D90FAF3C96}"
EndProject
Project("{9A19103F-16F7-4668-BE54-9A1E7A4F7556}") = "Orleans.TestingHost", "libs\orleans\src\Orleans.TestingHost\Orleans.TestingHost.csproj", "{4A5F22F7-E8C9-4BAF-8F25-194E1AEE18D1}"
EndProject
Project("{9A19103F-16F7-4668-BE54-9A1E7A4F7556}") = "Tester", "libs\orleans\test\Tester\Tester.csproj", "{3B8AE294-F4A6-47CA-8DAF-6EDC80D030CC}"
EndProject
Project("{9A19103F-16F7-4668-BE54-9A1E7A4F7556}") = "TesterInternal", "libs\orleans\test\TesterInternal\TesterInternal.csproj", "{B823A5CA-6515-4D6B-B212-E173BDC099A2}"
EndProject
Project("{9A19103F-16F7-4668-BE54-9A1E7A4F7556}") = "TestExtensions", "libs\orleans\test\TestInfrastructure\TestExtensions\TestExtensions.csproj", "{818A3250-9CAD-4B01-A9AB-740AFA19E241}"
EndProject
Project("{6EC3EE1D-3C4E-46DD-8F32-0CC8E7565705}") = "TestFSharp", "libs\orleans\test\Grains\TestFSharp\TestFSharp.fsproj", "{4B6019FF-BF31-4E89-A7EE-C7277BD3074E}"
EndProject
Project("{9A19103F-16F7-4668-BE54-9A1E7A4F7556}") = "TestFSharpGrainInterfaces", "libs\orleans\test\Grains\TestFSharpGrainInterfaces\TestFSharpGrainInterfaces.csproj", "{78E2C1B6-E585-4806-BEDE-04C9A8F28F25}"
EndProject
Project("{6EC3EE1D-3C4E-46DD-8F32-0CC8E7565705}") = "TestFSharpInterfaces", "libs\orleans\test\Misc\TestFSharpInterfaces\TestFSharpInterfaces.fsproj", "{9DD0C11B-8F71-4974-B896-6FF01753D51B}"
EndProject
Project("{9A19103F-16F7-4668-BE54-9A1E7A4F7556}") = "TestInterfaces", "libs\orleans\test\Misc\TestInterfaces\TestInterfaces.csproj", "{7BDB02FB-535D-45B2-B6B2-B52E07E1EB7D}"
EndProject
Project("{9A19103F-16F7-4668-BE54-9A1E7A4F7556}") = "TestGrains", "libs\orleans\test\Grains\TestGrains\TestGrains.csproj", "{2775C23F-FCF1-4B93-B2D0-73933D4C82A6}"
EndProject
Project("{9A19103F-16F7-4668-BE54-9A1E7A4F7556}") = "TestGrainInterfaces", "libs\orleans\test\Grains\TestGrainInterfaces\TestGrainInterfaces.csproj", "{DB67E825-3D30-45E7-8D30-183E580F03FD}"
EndProject
Project("{9A19103F-16F7-4668-BE54-9A1E7A4F7556}") = "TestInternalGrainInterfaces", "libs\orleans\test\Grains\TestInternalGrainInterfaces\TestInternalGrainInterfaces.csproj", "{9011D8EF-40DC-4293-91D4-9F196F5CBBDA}"
EndProject
Project("{9A19103F-16F7-4668-BE54-9A1E7A4F7556}") = "TestInternalGrains", "libs\orleans\test\Grains\TestInternalGrains\TestInternalGrains.csproj", "{C47F57ED-7D83-4697-A100-A63E91EF92F7}"
EndProject
Project("{9A19103F-16F7-4668-BE54-9A1E7A4F7556}") = "TestVersionGrains", "libs\orleans\test\Grains\TestVersionGrains\TestVersionGrains.csproj", "{A055CEC7-ED92-4709-B108-E59A4444881A}"
EndProject
Project("{FAE04EC0-301F-11D3-BF4B-00C04F79EFBC}") = "Chirper.Client", "..\stuff\orleans samples\samples-main\samples-main\orleans\Chirper\Chirper.Client\Chirper.Client.csproj", "{ABFA89CB-D19A-4BF4-B811-7B69D73A9908}"
EndProject
Project("{FAE04EC0-301F-11D3-BF4B-00C04F79EFBC}") = "Chirper.Grains", "..\stuff\orleans samples\samples-main\samples-main\orleans\Chirper\Chirper.Grains\Chirper.Grains.csproj", "{72006C00-9430-4E0A-8B69-46C8F15AD151}"
EndProject
Project("{FAE04EC0-301F-11D3-BF4B-00C04F79EFBC}") = "Chirper.Grains.Interfaces", "..\stuff\orleans samples\samples-main\samples-main\orleans\Chirper\Chirper.Grains.Interfaces\Chirper.Grains.Interfaces.csproj", "{05EB9B54-8D33-435C-A899-30E6595C1FB4}"
EndProject
Project("{FAE04EC0-301F-11D3-BF4B-00C04F79EFBC}") = "Chirper.Server", "..\stuff\orleans samples\samples-main\samples-main\orleans\Chirper\Chirper.Server\Chirper.Server.csproj", "{1B266BB4-0130-4878-BBBD-D094549E5526}"
EndProject
Project("{FAE04EC0-301F-11D3-BF4B-00C04F79EFBC}") = "Orleans.ShoppingCart.Abstractions", "..\stuff\orleans samples\samples-main\samples-main\orleans\ShoppingCart\Abstractions\Orleans.ShoppingCart.Abstractions.csproj", "{796EC941-3D45-4241-B773-64530D679573}"
EndProject
Project("{FAE04EC0-301F-11D3-BF4B-00C04F79EFBC}") = "Orleans.ShoppingCart.Grains", "..\stuff\orleans samples\samples-main\samples-main\orleans\ShoppingCart\Grains\Orleans.ShoppingCart.Grains.csproj", "{8D89BBB1-E1A8-4D97-9321-6D7E380D7BFB}"
EndProject
Project("{FAE04EC0-301F-11D3-BF4B-00C04F79EFBC}") = "Orleans.ShoppingCart.Silo", "..\stuff\orleans samples\samples-main\samples-main\orleans\ShoppingCart\Silo\Orleans.ShoppingCart.Silo.csproj", "{8B9B5E4C-6932-4E9F-9E16-411B73EF36C0}"
EndProject
Global
	GlobalSection(SolutionConfigurationPlatforms) = preSolution
		Debug|Any CPU = Debug|Any CPU
		Release|Any CPU = Release|Any CPU
	EndGlobalSection
	GlobalSection(ProjectConfigurationPlatforms) = postSolution
		{27BF552C-7D34-43DB-8656-20C97D1D419E}.Debug|Any CPU.ActiveCfg = Debug|Any CPU
		{27BF552C-7D34-43DB-8656-20C97D1D419E}.Debug|Any CPU.Build.0 = Debug|Any CPU
		{27BF552C-7D34-43DB-8656-20C97D1D419E}.Release|Any CPU.ActiveCfg = Release|Any CPU
		{27BF552C-7D34-43DB-8656-20C97D1D419E}.Release|Any CPU.Build.0 = Release|Any CPU
		{943AEEE8-7BD1-486C-9F07-1E372A8C30B8}.Debug|Any CPU.ActiveCfg = Debug|Any CPU
		{943AEEE8-7BD1-486C-9F07-1E372A8C30B8}.Debug|Any CPU.Build.0 = Debug|Any CPU
		{943AEEE8-7BD1-486C-9F07-1E372A8C30B8}.Release|Any CPU.ActiveCfg = Release|Any CPU
		{943AEEE8-7BD1-486C-9F07-1E372A8C30B8}.Release|Any CPU.Build.0 = Release|Any CPU
		{BB6393D8-BCA6-460E-B9C6-CFEC5E616EC7}.Debug|Any CPU.ActiveCfg = Debug|Any CPU
		{BB6393D8-BCA6-460E-B9C6-CFEC5E616EC7}.Debug|Any CPU.Build.0 = Debug|Any CPU
		{BB6393D8-BCA6-460E-B9C6-CFEC5E616EC7}.Release|Any CPU.ActiveCfg = Release|Any CPU
		{BB6393D8-BCA6-460E-B9C6-CFEC5E616EC7}.Release|Any CPU.Build.0 = Release|Any CPU
		{D9AEBE15-2E49-450D-B0A2-256CBA25FC5D}.Debug|Any CPU.ActiveCfg = Debug|Any CPU
		{D9AEBE15-2E49-450D-B0A2-256CBA25FC5D}.Debug|Any CPU.Build.0 = Debug|Any CPU
		{D9AEBE15-2E49-450D-B0A2-256CBA25FC5D}.Release|Any CPU.ActiveCfg = Release|Any CPU
		{D9AEBE15-2E49-450D-B0A2-256CBA25FC5D}.Release|Any CPU.Build.0 = Release|Any CPU
		{505A3A94-EFE8-4E27-91C3-AAC32E31E400}.Debug|Any CPU.ActiveCfg = Debug|Any CPU
		{505A3A94-EFE8-4E27-91C3-AAC32E31E400}.Debug|Any CPU.Build.0 = Debug|Any CPU
		{505A3A94-EFE8-4E27-91C3-AAC32E31E400}.Release|Any CPU.ActiveCfg = Release|Any CPU
		{505A3A94-EFE8-4E27-91C3-AAC32E31E400}.Release|Any CPU.Build.0 = Release|Any CPU
		{3CC6E82C-4DBD-4374-AEBA-16D37EA34664}.Debug|Any CPU.ActiveCfg = Debug|Any CPU
		{3CC6E82C-4DBD-4374-AEBA-16D37EA34664}.Debug|Any CPU.Build.0 = Debug|Any CPU
		{3CC6E82C-4DBD-4374-AEBA-16D37EA34664}.Release|Any CPU.ActiveCfg = Release|Any CPU
		{3CC6E82C-4DBD-4374-AEBA-16D37EA34664}.Release|Any CPU.Build.0 = Release|Any CPU
		{8CA36B67-2F27-4BBD-86F0-21C814333393}.Debug|Any CPU.ActiveCfg = Debug|Any CPU
		{8CA36B67-2F27-4BBD-86F0-21C814333393}.Debug|Any CPU.Build.0 = Debug|Any CPU
		{8CA36B67-2F27-4BBD-86F0-21C814333393}.Release|Any CPU.ActiveCfg = Release|Any CPU
		{8CA36B67-2F27-4BBD-86F0-21C814333393}.Release|Any CPU.Build.0 = Release|Any CPU
		{D84CEBB1-9756-4B40-9858-3C66C423C9C2}.Debug|Any CPU.ActiveCfg = Debug|Any CPU
		{D84CEBB1-9756-4B40-9858-3C66C423C9C2}.Debug|Any CPU.Build.0 = Debug|Any CPU
		{D84CEBB1-9756-4B40-9858-3C66C423C9C2}.Release|Any CPU.ActiveCfg = Release|Any CPU
		{D84CEBB1-9756-4B40-9858-3C66C423C9C2}.Release|Any CPU.Build.0 = Release|Any CPU
		{A4840B27-C7FF-4F45-9CE8-73438E71703E}.Debug|Any CPU.ActiveCfg = Debug|Any CPU
		{A4840B27-C7FF-4F45-9CE8-73438E71703E}.Debug|Any CPU.Build.0 = Debug|Any CPU
		{A4840B27-C7FF-4F45-9CE8-73438E71703E}.Release|Any CPU.ActiveCfg = Release|Any CPU
		{A4840B27-C7FF-4F45-9CE8-73438E71703E}.Release|Any CPU.Build.0 = Release|Any CPU
		{CABDC058-4392-4045-91AA-20DC102B16B6}.Debug|Any CPU.ActiveCfg = Debug|Any CPU
		{CABDC058-4392-4045-91AA-20DC102B16B6}.Debug|Any CPU.Build.0 = Debug|Any CPU
		{CABDC058-4392-4045-91AA-20DC102B16B6}.Release|Any CPU.ActiveCfg = Release|Any CPU
		{CABDC058-4392-4045-91AA-20DC102B16B6}.Release|Any CPU.Build.0 = Release|Any CPU
		{207B54C3-9ED8-4692-B2AC-6CDA6A49E8BD}.Debug|Any CPU.ActiveCfg = Debug|Any CPU
		{207B54C3-9ED8-4692-B2AC-6CDA6A49E8BD}.Debug|Any CPU.Build.0 = Debug|Any CPU
		{207B54C3-9ED8-4692-B2AC-6CDA6A49E8BD}.Release|Any CPU.ActiveCfg = Release|Any CPU
		{207B54C3-9ED8-4692-B2AC-6CDA6A49E8BD}.Release|Any CPU.Build.0 = Release|Any CPU
		{A0BA13C9-D542-43E7-8D76-BC38BC32D7F5}.Debug|Any CPU.ActiveCfg = Debug|Any CPU
		{A0BA13C9-D542-43E7-8D76-BC38BC32D7F5}.Debug|Any CPU.Build.0 = Debug|Any CPU
		{A0BA13C9-D542-43E7-8D76-BC38BC32D7F5}.Release|Any CPU.ActiveCfg = Release|Any CPU
		{A0BA13C9-D542-43E7-8D76-BC38BC32D7F5}.Release|Any CPU.Build.0 = Release|Any CPU
		{CB16AA7B-2ED9-423A-ADB8-C65A57B04E97}.Debug|Any CPU.ActiveCfg = Debug|Any CPU
		{CB16AA7B-2ED9-423A-ADB8-C65A57B04E97}.Debug|Any CPU.Build.0 = Debug|Any CPU
		{CB16AA7B-2ED9-423A-ADB8-C65A57B04E97}.Release|Any CPU.ActiveCfg = Release|Any CPU
		{CB16AA7B-2ED9-423A-ADB8-C65A57B04E97}.Release|Any CPU.Build.0 = Release|Any CPU
		{5073EEB2-793B-41C2-AD3B-100BA610841C}.Debug|Any CPU.ActiveCfg = Debug|Any CPU
		{5073EEB2-793B-41C2-AD3B-100BA610841C}.Debug|Any CPU.Build.0 = Debug|Any CPU
		{5073EEB2-793B-41C2-AD3B-100BA610841C}.Release|Any CPU.ActiveCfg = Release|Any CPU
		{5073EEB2-793B-41C2-AD3B-100BA610841C}.Release|Any CPU.Build.0 = Release|Any CPU
		{D6D5CADC-7A80-47C3-BBC5-7FE8B4D74AB9}.Debug|Any CPU.ActiveCfg = Debug|Any CPU
		{D6D5CADC-7A80-47C3-BBC5-7FE8B4D74AB9}.Debug|Any CPU.Build.0 = Debug|Any CPU
		{D6D5CADC-7A80-47C3-BBC5-7FE8B4D74AB9}.Release|Any CPU.ActiveCfg = Release|Any CPU
		{D6D5CADC-7A80-47C3-BBC5-7FE8B4D74AB9}.Release|Any CPU.Build.0 = Release|Any CPU
		{2270CEB9-AD57-4C3F-AEC1-6841AA23FF78}.Debug|Any CPU.ActiveCfg = Debug|Any CPU
		{2270CEB9-AD57-4C3F-AEC1-6841AA23FF78}.Debug|Any CPU.Build.0 = Debug|Any CPU
		{2270CEB9-AD57-4C3F-AEC1-6841AA23FF78}.Release|Any CPU.ActiveCfg = Release|Any CPU
		{2270CEB9-AD57-4C3F-AEC1-6841AA23FF78}.Release|Any CPU.Build.0 = Release|Any CPU
		{99A18801-B2CE-4C7C-8F0E-7EE1C9FB15E4}.Debug|Any CPU.ActiveCfg = Debug|Any CPU
		{99A18801-B2CE-4C7C-8F0E-7EE1C9FB15E4}.Debug|Any CPU.Build.0 = Debug|Any CPU
		{99A18801-B2CE-4C7C-8F0E-7EE1C9FB15E4}.Release|Any CPU.ActiveCfg = Release|Any CPU
		{99A18801-B2CE-4C7C-8F0E-7EE1C9FB15E4}.Release|Any CPU.Build.0 = Release|Any CPU
		{909BE8F6-1AB9-4D03-A689-334AE2BF06E0}.Debug|Any CPU.ActiveCfg = Debug|Any CPU
		{909BE8F6-1AB9-4D03-A689-334AE2BF06E0}.Debug|Any CPU.Build.0 = Debug|Any CPU
		{909BE8F6-1AB9-4D03-A689-334AE2BF06E0}.Release|Any CPU.ActiveCfg = Release|Any CPU
		{909BE8F6-1AB9-4D03-A689-334AE2BF06E0}.Release|Any CPU.Build.0 = Release|Any CPU
		{BC75E3CB-1B5B-470B-85A9-F8D90FAF3C96}.Debug|Any CPU.ActiveCfg = Debug|Any CPU
		{BC75E3CB-1B5B-470B-85A9-F8D90FAF3C96}.Debug|Any CPU.Build.0 = Debug|Any CPU
		{BC75E3CB-1B5B-470B-85A9-F8D90FAF3C96}.Release|Any CPU.ActiveCfg = Release|Any CPU
		{BC75E3CB-1B5B-470B-85A9-F8D90FAF3C96}.Release|Any CPU.Build.0 = Release|Any CPU
		{4A5F22F7-E8C9-4BAF-8F25-194E1AEE18D1}.Debug|Any CPU.ActiveCfg = Debug|Any CPU
		{4A5F22F7-E8C9-4BAF-8F25-194E1AEE18D1}.Debug|Any CPU.Build.0 = Debug|Any CPU
		{4A5F22F7-E8C9-4BAF-8F25-194E1AEE18D1}.Release|Any CPU.ActiveCfg = Release|Any CPU
		{4A5F22F7-E8C9-4BAF-8F25-194E1AEE18D1}.Release|Any CPU.Build.0 = Release|Any CPU
		{3B8AE294-F4A6-47CA-8DAF-6EDC80D030CC}.Debug|Any CPU.ActiveCfg = Debug|Any CPU
		{3B8AE294-F4A6-47CA-8DAF-6EDC80D030CC}.Debug|Any CPU.Build.0 = Debug|Any CPU
		{3B8AE294-F4A6-47CA-8DAF-6EDC80D030CC}.Release|Any CPU.ActiveCfg = Release|Any CPU
		{3B8AE294-F4A6-47CA-8DAF-6EDC80D030CC}.Release|Any CPU.Build.0 = Release|Any CPU
		{B823A5CA-6515-4D6B-B212-E173BDC099A2}.Debug|Any CPU.ActiveCfg = Debug|Any CPU
		{B823A5CA-6515-4D6B-B212-E173BDC099A2}.Debug|Any CPU.Build.0 = Debug|Any CPU
		{B823A5CA-6515-4D6B-B212-E173BDC099A2}.Release|Any CPU.ActiveCfg = Release|Any CPU
		{B823A5CA-6515-4D6B-B212-E173BDC099A2}.Release|Any CPU.Build.0 = Release|Any CPU
		{818A3250-9CAD-4B01-A9AB-740AFA19E241}.Debug|Any CPU.ActiveCfg = Debug|Any CPU
		{818A3250-9CAD-4B01-A9AB-740AFA19E241}.Debug|Any CPU.Build.0 = Debug|Any CPU
		{818A3250-9CAD-4B01-A9AB-740AFA19E241}.Release|Any CPU.ActiveCfg = Release|Any CPU
		{818A3250-9CAD-4B01-A9AB-740AFA19E241}.Release|Any CPU.Build.0 = Release|Any CPU
		{4B6019FF-BF31-4E89-A7EE-C7277BD3074E}.Debug|Any CPU.ActiveCfg = Debug|Any CPU
		{4B6019FF-BF31-4E89-A7EE-C7277BD3074E}.Debug|Any CPU.Build.0 = Debug|Any CPU
		{4B6019FF-BF31-4E89-A7EE-C7277BD3074E}.Release|Any CPU.ActiveCfg = Release|Any CPU
		{4B6019FF-BF31-4E89-A7EE-C7277BD3074E}.Release|Any CPU.Build.0 = Release|Any CPU
		{78E2C1B6-E585-4806-BEDE-04C9A8F28F25}.Debug|Any CPU.ActiveCfg = Debug|Any CPU
		{78E2C1B6-E585-4806-BEDE-04C9A8F28F25}.Debug|Any CPU.Build.0 = Debug|Any CPU
		{78E2C1B6-E585-4806-BEDE-04C9A8F28F25}.Release|Any CPU.ActiveCfg = Release|Any CPU
		{78E2C1B6-E585-4806-BEDE-04C9A8F28F25}.Release|Any CPU.Build.0 = Release|Any CPU
		{9DD0C11B-8F71-4974-B896-6FF01753D51B}.Debug|Any CPU.ActiveCfg = Debug|Any CPU
		{9DD0C11B-8F71-4974-B896-6FF01753D51B}.Debug|Any CPU.Build.0 = Debug|Any CPU
		{9DD0C11B-8F71-4974-B896-6FF01753D51B}.Release|Any CPU.ActiveCfg = Release|Any CPU
		{9DD0C11B-8F71-4974-B896-6FF01753D51B}.Release|Any CPU.Build.0 = Release|Any CPU
		{7BDB02FB-535D-45B2-B6B2-B52E07E1EB7D}.Debug|Any CPU.ActiveCfg = Debug|Any CPU
		{7BDB02FB-535D-45B2-B6B2-B52E07E1EB7D}.Debug|Any CPU.Build.0 = Debug|Any CPU
		{7BDB02FB-535D-45B2-B6B2-B52E07E1EB7D}.Release|Any CPU.ActiveCfg = Release|Any CPU
		{7BDB02FB-535D-45B2-B6B2-B52E07E1EB7D}.Release|Any CPU.Build.0 = Release|Any CPU
		{2775C23F-FCF1-4B93-B2D0-73933D4C82A6}.Debug|Any CPU.ActiveCfg = Debug|Any CPU
		{2775C23F-FCF1-4B93-B2D0-73933D4C82A6}.Debug|Any CPU.Build.0 = Debug|Any CPU
		{2775C23F-FCF1-4B93-B2D0-73933D4C82A6}.Release|Any CPU.ActiveCfg = Release|Any CPU
		{2775C23F-FCF1-4B93-B2D0-73933D4C82A6}.Release|Any CPU.Build.0 = Release|Any CPU
		{DB67E825-3D30-45E7-8D30-183E580F03FD}.Debug|Any CPU.ActiveCfg = Debug|Any CPU
		{DB67E825-3D30-45E7-8D30-183E580F03FD}.Debug|Any CPU.Build.0 = Debug|Any CPU
		{DB67E825-3D30-45E7-8D30-183E580F03FD}.Release|Any CPU.ActiveCfg = Release|Any CPU
		{DB67E825-3D30-45E7-8D30-183E580F03FD}.Release|Any CPU.Build.0 = Release|Any CPU
		{9011D8EF-40DC-4293-91D4-9F196F5CBBDA}.Debug|Any CPU.ActiveCfg = Debug|Any CPU
		{9011D8EF-40DC-4293-91D4-9F196F5CBBDA}.Debug|Any CPU.Build.0 = Debug|Any CPU
		{9011D8EF-40DC-4293-91D4-9F196F5CBBDA}.Release|Any CPU.ActiveCfg = Release|Any CPU
		{9011D8EF-40DC-4293-91D4-9F196F5CBBDA}.Release|Any CPU.Build.0 = Release|Any CPU
		{C47F57ED-7D83-4697-A100-A63E91EF92F7}.Debug|Any CPU.ActiveCfg = Debug|Any CPU
		{C47F57ED-7D83-4697-A100-A63E91EF92F7}.Debug|Any CPU.Build.0 = Debug|Any CPU
		{C47F57ED-7D83-4697-A100-A63E91EF92F7}.Release|Any CPU.ActiveCfg = Release|Any CPU
		{C47F57ED-7D83-4697-A100-A63E91EF92F7}.Release|Any CPU.Build.0 = Release|Any CPU
		{A055CEC7-ED92-4709-B108-E59A4444881A}.Debug|Any CPU.ActiveCfg = Debug|Any CPU
		{A055CEC7-ED92-4709-B108-E59A4444881A}.Debug|Any CPU.Build.0 = Debug|Any CPU
		{A055CEC7-ED92-4709-B108-E59A4444881A}.Release|Any CPU.ActiveCfg = Release|Any CPU
		{A055CEC7-ED92-4709-B108-E59A4444881A}.Release|Any CPU.Build.0 = Release|Any CPU
		{ABFA89CB-D19A-4BF4-B811-7B69D73A9908}.Debug|Any CPU.ActiveCfg = Debug|Any CPU
		{ABFA89CB-D19A-4BF4-B811-7B69D73A9908}.Debug|Any CPU.Build.0 = Debug|Any CPU
		{ABFA89CB-D19A-4BF4-B811-7B69D73A9908}.Release|Any CPU.ActiveCfg = Release|Any CPU
		{ABFA89CB-D19A-4BF4-B811-7B69D73A9908}.Release|Any CPU.Build.0 = Release|Any CPU
		{72006C00-9430-4E0A-8B69-46C8F15AD151}.Debug|Any CPU.ActiveCfg = Debug|Any CPU
		{72006C00-9430-4E0A-8B69-46C8F15AD151}.Debug|Any CPU.Build.0 = Debug|Any CPU
		{72006C00-9430-4E0A-8B69-46C8F15AD151}.Release|Any CPU.ActiveCfg = Release|Any CPU
		{72006C00-9430-4E0A-8B69-46C8F15AD151}.Release|Any CPU.Build.0 = Release|Any CPU
		{05EB9B54-8D33-435C-A899-30E6595C1FB4}.Debug|Any CPU.ActiveCfg = Debug|Any CPU
		{05EB9B54-8D33-435C-A899-30E6595C1FB4}.Debug|Any CPU.Build.0 = Debug|Any CPU
		{05EB9B54-8D33-435C-A899-30E6595C1FB4}.Release|Any CPU.ActiveCfg = Release|Any CPU
		{05EB9B54-8D33-435C-A899-30E6595C1FB4}.Release|Any CPU.Build.0 = Release|Any CPU
		{1B266BB4-0130-4878-BBBD-D094549E5526}.Debug|Any CPU.ActiveCfg = Debug|Any CPU
		{1B266BB4-0130-4878-BBBD-D094549E5526}.Debug|Any CPU.Build.0 = Debug|Any CPU
		{1B266BB4-0130-4878-BBBD-D094549E5526}.Release|Any CPU.ActiveCfg = Release|Any CPU
		{1B266BB4-0130-4878-BBBD-D094549E5526}.Release|Any CPU.Build.0 = Release|Any CPU
		{796EC941-3D45-4241-B773-64530D679573}.Debug|Any CPU.ActiveCfg = Debug|Any CPU
		{796EC941-3D45-4241-B773-64530D679573}.Debug|Any CPU.Build.0 = Debug|Any CPU
		{796EC941-3D45-4241-B773-64530D679573}.Release|Any CPU.ActiveCfg = Release|Any CPU
		{796EC941-3D45-4241-B773-64530D679573}.Release|Any CPU.Build.0 = Release|Any CPU
		{8D89BBB1-E1A8-4D97-9321-6D7E380D7BFB}.Debug|Any CPU.ActiveCfg = Debug|Any CPU
		{8D89BBB1-E1A8-4D97-9321-6D7E380D7BFB}.Debug|Any CPU.Build.0 = Debug|Any CPU
		{8D89BBB1-E1A8-4D97-9321-6D7E380D7BFB}.Release|Any CPU.ActiveCfg = Release|Any CPU
		{8D89BBB1-E1A8-4D97-9321-6D7E380D7BFB}.Release|Any CPU.Build.0 = Release|Any CPU
		{8B9B5E4C-6932-4E9F-9E16-411B73EF36C0}.Debug|Any CPU.ActiveCfg = Debug|Any CPU
		{8B9B5E4C-6932-4E9F-9E16-411B73EF36C0}.Debug|Any CPU.Build.0 = Debug|Any CPU
		{8B9B5E4C-6932-4E9F-9E16-411B73EF36C0}.Release|Any CPU.ActiveCfg = Release|Any CPU
		{8B9B5E4C-6932-4E9F-9E16-411B73EF36C0}.Release|Any CPU.Build.0 = Release|Any CPU
	EndGlobalSection
	GlobalSection(SolutionProperties) = preSolution
		HideSolutionNode = FALSE
	EndGlobalSection
	GlobalSection(NestedProjects) = preSolution
		{27BF552C-7D34-43DB-8656-20C97D1D419E} = {FB60A390-C9BA-40D3-AD7C-45C67F118A8C}
		{943AEEE8-7BD1-486C-9F07-1E372A8C30B8} = {EE398B5E-04F2-417E-9293-155B34BF7A39}
		{7D3E6AB4-AC60-4F86-9541-BBDF9F001485} = {6B7E093E-8DAA-42FF-9044-B3D777D255D9}
		{BB6393D8-BCA6-460E-B9C6-CFEC5E616EC7} = {7D3E6AB4-AC60-4F86-9541-BBDF9F001485}
		{D9AEBE15-2E49-450D-B0A2-256CBA25FC5D} = {7D3E6AB4-AC60-4F86-9541-BBDF9F001485}
		{505A3A94-EFE8-4E27-91C3-AAC32E31E400} = {7D3E6AB4-AC60-4F86-9541-BBDF9F001485}
		{3CC6E82C-4DBD-4374-AEBA-16D37EA34664} = {7D3E6AB4-AC60-4F86-9541-BBDF9F001485}
		{8CA36B67-2F27-4BBD-86F0-21C814333393} = {7D3E6AB4-AC60-4F86-9541-BBDF9F001485}
		{D84CEBB1-9756-4B40-9858-3C66C423C9C2} = {7D3E6AB4-AC60-4F86-9541-BBDF9F001485}
		{A4840B27-C7FF-4F45-9CE8-73438E71703E} = {7D3E6AB4-AC60-4F86-9541-BBDF9F001485}
		{CABDC058-4392-4045-91AA-20DC102B16B6} = {7D3E6AB4-AC60-4F86-9541-BBDF9F001485}
		{207B54C3-9ED8-4692-B2AC-6CDA6A49E8BD} = {7D3E6AB4-AC60-4F86-9541-BBDF9F001485}
		{A0BA13C9-D542-43E7-8D76-BC38BC32D7F5} = {7D3E6AB4-AC60-4F86-9541-BBDF9F001485}
		{CB16AA7B-2ED9-423A-ADB8-C65A57B04E97} = {7D3E6AB4-AC60-4F86-9541-BBDF9F001485}
		{5073EEB2-793B-41C2-AD3B-100BA610841C} = {7D3E6AB4-AC60-4F86-9541-BBDF9F001485}
		{D6D5CADC-7A80-47C3-BBC5-7FE8B4D74AB9} = {7D3E6AB4-AC60-4F86-9541-BBDF9F001485}
		{2270CEB9-AD57-4C3F-AEC1-6841AA23FF78} = {7D3E6AB4-AC60-4F86-9541-BBDF9F001485}
		{99A18801-B2CE-4C7C-8F0E-7EE1C9FB15E4} = {7D3E6AB4-AC60-4F86-9541-BBDF9F001485}
		{909BE8F6-1AB9-4D03-A689-334AE2BF06E0} = {7D3E6AB4-AC60-4F86-9541-BBDF9F001485}
		{BC75E3CB-1B5B-470B-85A9-F8D90FAF3C96} = {7D3E6AB4-AC60-4F86-9541-BBDF9F001485}
		{4A5F22F7-E8C9-4BAF-8F25-194E1AEE18D1} = {7D3E6AB4-AC60-4F86-9541-BBDF9F001485}
		{3B8AE294-F4A6-47CA-8DAF-6EDC80D030CC} = {7D3E6AB4-AC60-4F86-9541-BBDF9F001485}
		{B823A5CA-6515-4D6B-B212-E173BDC099A2} = {7D3E6AB4-AC60-4F86-9541-BBDF9F001485}
		{818A3250-9CAD-4B01-A9AB-740AFA19E241} = {7D3E6AB4-AC60-4F86-9541-BBDF9F001485}
		{4B6019FF-BF31-4E89-A7EE-C7277BD3074E} = {7D3E6AB4-AC60-4F86-9541-BBDF9F001485}
		{78E2C1B6-E585-4806-BEDE-04C9A8F28F25} = {7D3E6AB4-AC60-4F86-9541-BBDF9F001485}
		{9DD0C11B-8F71-4974-B896-6FF01753D51B} = {7D3E6AB4-AC60-4F86-9541-BBDF9F001485}
		{7BDB02FB-535D-45B2-B6B2-B52E07E1EB7D} = {7D3E6AB4-AC60-4F86-9541-BBDF9F001485}
		{2775C23F-FCF1-4B93-B2D0-73933D4C82A6} = {7D3E6AB4-AC60-4F86-9541-BBDF9F001485}
		{DB67E825-3D30-45E7-8D30-183E580F03FD} = {7D3E6AB4-AC60-4F86-9541-BBDF9F001485}
		{9011D8EF-40DC-4293-91D4-9F196F5CBBDA} = {7D3E6AB4-AC60-4F86-9541-BBDF9F001485}
		{C47F57ED-7D83-4697-A100-A63E91EF92F7} = {7D3E6AB4-AC60-4F86-9541-BBDF9F001485}
		{A055CEC7-ED92-4709-B108-E59A4444881A} = {7D3E6AB4-AC60-4F86-9541-BBDF9F001485}
		{ABFA89CB-D19A-4BF4-B811-7B69D73A9908} = {8CA385B9-5995-48CC-9BAB-0C4B364B1C57}
		{72006C00-9430-4E0A-8B69-46C8F15AD151} = {8CA385B9-5995-48CC-9BAB-0C4B364B1C57}
		{05EB9B54-8D33-435C-A899-30E6595C1FB4} = {8CA385B9-5995-48CC-9BAB-0C4B364B1C57}
		{1B266BB4-0130-4878-BBBD-D094549E5526} = {8CA385B9-5995-48CC-9BAB-0C4B364B1C57}
		{796EC941-3D45-4241-B773-64530D679573} = {8CA385B9-5995-48CC-9BAB-0C4B364B1C57}
		{8D89BBB1-E1A8-4D97-9321-6D7E380D7BFB} = {8CA385B9-5995-48CC-9BAB-0C4B364B1C57}
		{8B9B5E4C-6932-4E9F-9E16-411B73EF36C0} = {8CA385B9-5995-48CC-9BAB-0C4B364B1C57}
	EndGlobalSection
	GlobalSection(ExtensibilityGlobals) = postSolution
		SolutionGuid = {F97EC473-3654-483C-A1C2-827012B1476F}
	EndGlobalSection
EndGlobal
